
Microsoft Visual Studio Solution File, Format Version 12.00
# Visual Studio Version 16
VisualStudioVersion = 16.0.29920.165
MinimumVisualStudioVersion = 10.0.40219.1
Project("{F184B08F-C81C-45F6-A57F-5ABD9991F28F}") = "B737 FMC - CDU Configurator", "B737 FMC - CDU Configurator.vbproj", "{479FF37B-DDDE-41BA-B1EF-8DADBB0EEFA4}"
EndProject
Global
	GlobalSection(SolutionConfigurationPlatforms) = preSolution
		Debug|Any CPU = Debug|Any CPU
		Release|Any CPU = Release|Any CPU
	EndGlobalSection
	GlobalSection(ProjectConfigurationPlatforms) = postSolution
		{479FF37B-DDDE-41BA-B1EF-8DADBB0EEFA4}.Debug|Any CPU.ActiveCfg = Debug|Any CPU
		{479FF37B-DDDE-41BA-B1EF-8DADBB0EEFA4}.Debug|Any CPU.Build.0 = Debug|Any CPU
		{479FF37B-DDDE-41BA-B1EF-8DADBB0EEFA4}.Release|Any CPU.ActiveCfg = Release|Any CPU
		{479FF37B-DDDE-41BA-B1EF-8DADBB0EEFA4}.Release|Any CPU.Build.0 = Release|Any CPU
	EndGlobalSection
	GlobalSection(SolutionProperties) = preSolution
		HideSolutionNode = FALSE
	EndGlobalSection
	GlobalSection(ExtensibilityGlobals) = postSolution
		SolutionGuid = {C0B167F0-C7DA-4246-94A1-210C5A9B3256}
	EndGlobalSection
EndGlobal
